
Microsoft Visual Studio Solution File, Format Version 12.00
# Visual Studio Version 17
VisualStudioVersion = 17.11.35222.181
MinimumVisualStudioVersion = 10.0.40219.1
Project("{8BC9CEB8-8B4A-11D0-8D11-00A0C91BC942}") = "Proyecto 3", "Proyecto 3\Proyecto 3.vcxproj", "{90C51C6F-0545-48D6-82BF-A16CB3842B14}"
	ProjectSection(ProjectDependencies) = postProject
		{FD7FBAEA-ECDA-4BCF-B2BB-EB363497F933} = {FD7FBAEA-ECDA-4BCF-B2BB-EB363497F933}
	EndProjectSection
EndProject
Project("{8BC9CEB8-8B4A-11D0-8D11-00A0C91BC942}") = "Cuda", "Cuda\Cuda.vcxproj", "{FD7FBAEA-ECDA-4BCF-B2BB-EB363497F933}"
EndProject
Global
	GlobalSection(SolutionConfigurationPlatforms) = preSolution
		Debug|x64 = Debug|x64
		Release|x64 = Release|x64
	EndGlobalSection
	GlobalSection(ProjectConfigurationPlatforms) = postSolution
		{90C51C6F-0545-48D6-82BF-A16CB3842B14}.Debug|x64.ActiveCfg = Debug|x64
		{90C51C6F-0545-48D6-82BF-A16CB3842B14}.Debug|x64.Build.0 = Debug|x64
		{90C51C6F-0545-48D6-82BF-A16CB3842B14}.Release|x64.ActiveCfg = Release|x64
		{90C51C6F-0545-48D6-82BF-A16CB3842B14}.Release|x64.Build.0 = Release|x64
		{FD7FBAEA-ECDA-4BCF-B2BB-EB363497F933}.Debug|x64.ActiveCfg = Debug|x64
		{FD7FBAEA-ECDA-4BCF-B2BB-EB363497F933}.Debug|x64.Build.0 = Debug|x64
		{FD7FBAEA-ECDA-4BCF-B2BB-EB363497F933}.Release|x64.ActiveCfg = Release|x64
		{FD7FBAEA-ECDA-4BCF-B2BB-EB363497F933}.Release|x64.Build.0 = Release|x64
	EndGlobalSection
	GlobalSection(SolutionProperties) = preSolution
		HideSolutionNode = FALSE
	EndGlobalSection
	GlobalSection(ExtensibilityGlobals) = postSolution
		SolutionGuid = {1F8689E5-DC32-4589-93E4-26B2C40CF1A5}
	EndGlobalSection
EndGlobal
